
Microsoft Visual Studio Solution File, Format Version 12.00
# Visual Studio Version 17
VisualStudioVersion = 17.1.32319.34
MinimumVisualStudioVersion = 10.0.40219.1
Project("{9A19103F-16F7-4668-BE54-9A1E7A4F7556}") = "TestNet.Tests", "src\TestNet.Tests\TestNet.Tests.csproj", "{DEACE760-038B-412E-ADD4-BC0069BE12B7}"
EndProject
Project("{9A19103F-16F7-4668-BE54-9A1E7A4F7556}") = "TestNet.Api", "src\Test.Api\TestNet.Api.csproj", "{1D1C1BA9-41A5-4E61-8A8C-D7F55F46A167}"
EndProject
Project("{9A19103F-16F7-4668-BE54-9A1E7A4F7556}") = "TestNet.Application", "src\TestNet.Application\TestNet.Application.csproj", "{C5FAB936-FA1D-415E-A7E9-4AE0D59AA9C7}"
EndProject
Project("{9A19103F-16F7-4668-BE54-9A1E7A4F7556}") = "TestNet.Core", "src\TestNet.Core\TestNet.Core.csproj", "{2DB8A03E-2D6D-462D-B379-85DCC1529DC6}"
EndProject
Project("{9A19103F-16F7-4668-BE54-9A1E7A4F7556}") = "TestNet.Infrastructure", "src\TestNet.Infrastructure\TestNet.Infrastructure.csproj", "{E82A6313-678F-4D05-A6E5-44B04521A1C5}"
EndProject
Global
	GlobalSection(SolutionConfigurationPlatforms) = preSolution
		Debug|Any CPU = Debug|Any CPU
		Release|Any CPU = Release|Any CPU
	EndGlobalSection
	GlobalSection(ProjectConfigurationPlatforms) = postSolution
		{DEACE760-038B-412E-ADD4-BC0069BE12B7}.Debug|Any CPU.ActiveCfg = Debug|Any CPU
		{DEACE760-038B-412E-ADD4-BC0069BE12B7}.Debug|Any CPU.Build.0 = Debug|Any CPU
		{DEACE760-038B-412E-ADD4-BC0069BE12B7}.Release|Any CPU.ActiveCfg = Release|Any CPU
		{DEACE760-038B-412E-ADD4-BC0069BE12B7}.Release|Any CPU.Build.0 = Release|Any CPU
		{1D1C1BA9-41A5-4E61-8A8C-D7F55F46A167}.Debug|Any CPU.ActiveCfg = Debug|Any CPU
		{1D1C1BA9-41A5-4E61-8A8C-D7F55F46A167}.Debug|Any CPU.Build.0 = Debug|Any CPU
		{1D1C1BA9-41A5-4E61-8A8C-D7F55F46A167}.Release|Any CPU.ActiveCfg = Release|Any CPU
		{1D1C1BA9-41A5-4E61-8A8C-D7F55F46A167}.Release|Any CPU.Build.0 = Release|Any CPU
		{C5FAB936-FA1D-415E-A7E9-4AE0D59AA9C7}.Debug|Any CPU.ActiveCfg = Debug|Any CPU
		{C5FAB936-FA1D-415E-A7E9-4AE0D59AA9C7}.Debug|Any CPU.Build.0 = Debug|Any CPU
		{C5FAB936-FA1D-415E-A7E9-4AE0D59AA9C7}.Release|Any CPU.ActiveCfg = Release|Any CPU
		{C5FAB936-FA1D-415E-A7E9-4AE0D59AA9C7}.Release|Any CPU.Build.0 = Release|Any CPU
		{2DB8A03E-2D6D-462D-B379-85DCC1529DC6}.Debug|Any CPU.ActiveCfg = Debug|Any CPU
		{2DB8A03E-2D6D-462D-B379-85DCC1529DC6}.Debug|Any CPU.Build.0 = Debug|Any CPU
		{2DB8A03E-2D6D-462D-B379-85DCC1529DC6}.Release|Any CPU.ActiveCfg = Release|Any CPU
		{2DB8A03E-2D6D-462D-B379-85DCC1529DC6}.Release|Any CPU.Build.0 = Release|Any CPU
		{E82A6313-678F-4D05-A6E5-44B04521A1C5}.Debug|Any CPU.ActiveCfg = Debug|Any CPU
		{E82A6313-678F-4D05-A6E5-44B04521A1C5}.Debug|Any CPU.Build.0 = Debug|Any CPU
		{E82A6313-678F-4D05-A6E5-44B04521A1C5}.Release|Any CPU.ActiveCfg = Release|Any CPU
		{E82A6313-678F-4D05-A6E5-44B04521A1C5}.Release|Any CPU.Build.0 = Release|Any CPU
	EndGlobalSection
	GlobalSection(SolutionProperties) = preSolution
		HideSolutionNode = FALSE
	EndGlobalSection
	GlobalSection(ExtensibilityGlobals) = postSolution
		SolutionGuid = {FE355700-79E9-4A71-B34C-FA0649D2FFD7}
	EndGlobalSection
EndGlobal
